PODS:
  - CocoaAsyncSocket (7.5.0):
    - CocoaAsyncSocket/GCD (= 7.5.0)
  - CocoaAsyncSocket/GCD (7.5.0)

DEPENDENCIES:
  - CocoaAsyncSocket (~> 7.5.0)

SPEC CHECKSUMS:
  CocoaAsyncSocket: 3baeb1ddd969f81cf9fca81053ae49ef2d1cbbfa

PODFILE CHECKSUM: f05b38673957df761b1c444c2e99fa21c1cf2509

COCOAPODS: 1.0.1
